// !$*UTF8*$!
{
	archiveVersion = 1;
	classes = {
	};
	objectVersion = 55;
	objects = {

/* Begin PBXBuildFile section */
		8469D751288EC6A3002CFADC /* AppDelegate.swift in Sources */ = {isa = PBXBuildFile; fileRef = 8469D750288EC6A3002CFADC /* AppDelegate.swift */; };
		8469D753288EC6A3002CFADC /* SceneDelegate.swift in Sources */ = {isa = PBXBuildFile; fileRef = 8469D752288EC6A3002CFADC /* SceneDelegate.swift */; };
		8469D75A288EC6A5002CFADC /* Assets.xcassets in Resources */ = {isa = PBXBuildFile; fileRef = 8469D759288EC6A5002CFADC /* Assets.xcassets */; };
		8469D75D288EC6A5002CFADC /* LaunchScreen.storyboard in Resources */ = {isa = PBXBuildFile; fileRef = 8469D75B288EC6A5002CFADC /* LaunchScreen.storyboard */; };
		84D908DB288ECAEE002825C6 /* Constant.swift in Sources */ = {isa = PBXBuildFile; fileRef = 84D908C2288ECAEE002825C6 /* Constant.swift */; };
		84D908DC288ECAEE002825C6 /* Date.swift in Sources */ = {isa = PBXBuildFile; fileRef = 84D908C4288ECAEE002825C6 /* Date.swift */; };
		84D908DD288ECAEE002825C6 /* UIView.swift in Sources */ = {isa = PBXBuildFile; fileRef = 84D908C5288ECAEE002825C6 /* UIView.swift */; };
		84D908DE288ECAEE002825C6 /* UIColor.swift in Sources */ = {isa = PBXBuildFile; fileRef = 84D908C6288ECAEE002825C6 /* UIColor.swift */; };
		84D908DF288ECAEE002825C6 /* String.swift in Sources */ = {isa = PBXBuildFile; fileRef = 84D908C7288ECAEE002825C6 /* String.swift */; };
		84D908E0288ECAEE002825C6 /* UIButton.swift in Sources */ = {isa = PBXBuildFile; fileRef = 84D908C8288ECAEE002825C6 /* UIButton.swift */; };
		84D908E1288ECAEE002825C6 /* UIImage.swift in Sources */ = {isa = PBXBuildFile; fileRef = 84D908C9288ECAEE002825C6 /* UIImage.swift */; };
		84D908E2288ECAEE002825C6 /* UIViewController.swift in Sources */ = {isa = PBXBuildFile; fileRef = 84D908CA288ECAEE002825C6 /* UIViewController.swift */; };
		84D908E3288ECAEE002825C6 /* UINavigationBar.swift in Sources */ = {isa = PBXBuildFile; fileRef = 84D908CB288ECAEE002825C6 /* UINavigationBar.swift */; };
		84D908E4288ECAEE002825C6 /* UIImageView.swift in Sources */ = {isa = PBXBuildFile; fileRef = 84D908CC288ECAEE002825C6 /* UIImageView.swift */; };
		84D908E5288ECAEE002825C6 /* UIFont.swift in Sources */ = {isa = PBXBuildFile; fileRef = 84D908CD288ECAEE002825C6 /* UIFont.swift */; };
		84D908E6288ECAEE002825C6 /* KobisKey.swift in Sources */ = {isa = PBXBuildFile; fileRef = 84D908D0288ECAEE002825C6 /* KobisKey.swift */; };
		84D908E7288ECAEE002825C6 /* NotoSansCJKkr-Medium.otf in Resources */ = {isa = PBXBuildFile; fileRef = 84D908D2288ECAEE002825C6 /* NotoSansCJKkr-Medium.otf */; };
		84D908E8288ECAEE002825C6 /* NotoSansCJKkr-Regular.otf in Resources */ = {isa = PBXBuildFile; fileRef = 84D908D3288ECAEE002825C6 /* NotoSansCJKkr-Regular.otf */; };
		84D908E9288ECAEE002825C6 /* NotoSansCJKkr-Bold.otf in Resources */ = {isa = PBXBuildFile; fileRef = 84D908D4288ECAEE002825C6 /* NotoSansCJKkr-Bold.otf */; };
		84D908EA288ECAEE002825C6 /* BaseViewController.swift in Sources */ = {isa = PBXBuildFile; fileRef = 84D908D6288ECAEE002825C6 /* BaseViewController.swift */; };
		84D908EB288ECAEE002825C6 /* BaseTabBarViewController.swift in Sources */ = {isa = PBXBuildFile; fileRef = 84D908D7288ECAEE002825C6 /* BaseTabBarViewController.swift */; };
		84D908EC288ECAEE002825C6 /* IndicatorView.swift in Sources */ = {isa = PBXBuildFile; fileRef = 84D908D9288ECAEE002825C6 /* IndicatorView.swift */; };
		84D908ED288ECAEE002825C6 /* Device.swift in Sources */ = {isa = PBXBuildFile; fileRef = 84D908DA288ECAEE002825C6 /* Device.swift */; };
		84D908EF288ECC89002825C6 /* SignUpDataManager.swift in Sources */ = {isa = PBXBuildFile; fileRef = 84D908EE288ECC89002825C6 /* SignUpDataManager.swift */; };
		84D908F1288ECCA4002825C6 /* SignInDataManager.swift in Sources */ = {isa = PBXBuildFile; fileRef = 84D908F0288ECCA4002825C6 /* SignInDataManager.swift */; };
		84D908F3288ECCB6002825C6 /* KakaoSignUpDataManager.swift in Sources */ = {isa = PBXBuildFile; fileRef = 84D908F2288ECCB6002825C6 /* KakaoSignUpDataManager.swift */; };
		84D908F5288ECCC4002825C6 /* KakaoSignInDataManager.swift in Sources */ = {isa = PBXBuildFile; fileRef = 84D908F4288ECCC4002825C6 /* KakaoSignInDataManager.swift */; };
		84D908F7288ECCD7002825C6 /* AutoSignInDataManager.swift in Sources */ = {isa = PBXBuildFile; fileRef = 84D908F6288ECCD7002825C6 /* AutoSignInDataManager.swift */; };
		84D908F9288ECD78002825C6 /* CheckDuplicateLoginIdDataManager.swift in Sources */ = {isa = PBXBuildFile; fileRef = 84D908F8288ECD78002825C6 /* CheckDuplicateLoginIdDataManager.swift */; };
		84D908FB288ECDC9002825C6 /* MyPageDataManager.swift in Sources */ = {isa = PBXBuildFile; fileRef = 84D908FA288ECDC9002825C6 /* MyPageDataManager.swift */; };
		84D90900288ECE19002825C6 /* GetFeedsDataManager.swift in Sources */ = {isa = PBXBuildFile; fileRef = 84D908FF288ECE19002825C6 /* GetFeedsDataManager.swift */; };
		84D90902288ECE34002825C6 /* UserFeedDataManager.swift in Sources */ = {isa = PBXBuildFile; fileRef = 84D90901288ECE34002825C6 /* UserFeedDataManager.swift */; };
		84D90904288ECE4D002825C6 /* PostFeedDataManager.swift in Sources */ = {isa = PBXBuildFile; fileRef = 84D90903288ECE4D002825C6 /* PostFeedDataManager.swift */; };
		84D90906288ECE6E002825C6 /* PatchFeedDataManager.swift in Sources */ = {isa = PBXBuildFile; fileRef = 84D90905288ECE6E002825C6 /* PatchFeedDataManager.swift */; };
		84D90908288ECE81002825C6 /* DeleteFeedDataManager.swift in Sources */ = {isa = PBXBuildFile; fileRef = 84D90907288ECE81002825C6 /* DeleteFeedDataManager.swift */; };
		84D9090A288ECE90002825C6 /* GetCommentsDataManager.swift in Sources */ = {isa = PBXBuildFile; fileRef = 84D90909288ECE90002825C6 /* GetCommentsDataManager.swift */; };
		84D9090C288ECECC002825C6 /* PostCommentDataManager.swift in Sources */ = {isa = PBXBuildFile; fileRef = 84D9090B288ECECC002825C6 /* PostCommentDataManager.swift */; };
		84D9090E288ECEF4002825C6 /* GetChatsDataManager.swift in Sources */ = {isa = PBXBuildFile; fileRef = 84D9090D288ECEF4002825C6 /* GetChatsDataManager.swift */; };
		84D90910288ECF02002825C6 /* PostChatDataManager.swift in Sources */ = {isa = PBXBuildFile; fileRef = 84D9090F288ECF02002825C6 /* PostChatDataManager.swift */; };
		84D90915288ED4DB002825C6 /* SignUpModel.swift in Sources */ = {isa = PBXBuildFile; fileRef = 84D90914288ED4DB002825C6 /* SignUpModel.swift */; };
		84D90917288ED4E2002825C6 /* SignInModel.swift in Sources */ = {isa = PBXBuildFile; fileRef = 84D90916288ED4E2002825C6 /* SignInModel.swift */; };
		84D90919288ED541002825C6 /* KakaoSignUpModel.swift in Sources */ = {isa = PBXBuildFile; fileRef = 84D90918288ED541002825C6 /* KakaoSignUpModel.swift */; };
		84D9091B288ED54B002825C6 /* KakaoSignInModel.swift in Sources */ = {isa = PBXBuildFile; fileRef = 84D9091A288ED54B002825C6 /* KakaoSignInModel.swift */; };
		84D9091D288ED556002825C6 /* AutoSignInModel.swift in Sources */ = {isa = PBXBuildFile; fileRef = 84D9091C288ED556002825C6 /* AutoSignInModel.swift */; };
		84D9091F288ED56A002825C6 /* CheckDuplicateLoginIdModel.swift in Sources */ = {isa = PBXBuildFile; fileRef = 84D9091E288ED56A002825C6 /* CheckDuplicateLoginIdModel.swift */; };
		84D90921288ED576002825C6 /* MyPageModel.swift in Sources */ = {isa = PBXBuildFile; fileRef = 84D90920288ED576002825C6 /* MyPageModel.swift */; };
		84D90923288EDB88002825C6 /* GetFeedsModel.swift in Sources */ = {isa = PBXBuildFile; fileRef = 84D90922288EDB88002825C6 /* GetFeedsModel.swift */; };
		84D90925288EDB9B002825C6 /* PostFeedModel.swift in Sources */ = {isa = PBXBuildFile; fileRef = 84D90924288EDB9B002825C6 /* PostFeedModel.swift */; };
		84D90927288EDBA5002825C6 /* PatchFeedModel.swift in Sources */ = {isa = PBXBuildFile; fileRef = 84D90926288EDBA5002825C6 /* PatchFeedModel.swift */; };
		84D90929288EDBAD002825C6 /* DeleteFeedModel.swift in Sources */ = {isa = PBXBuildFile; fileRef = 84D90928288EDBAD002825C6 /* DeleteFeedModel.swift */; };
		84D9092B288EDBCE002825C6 /* UserFeedModel.swift in Sources */ = {isa = PBXBuildFile; fileRef = 84D9092A288EDBCE002825C6 /* UserFeedModel.swift */; };
		84D9092D288EDBDC002825C6 /* GetCommentsModel.swift in Sources */ = {isa = PBXBuildFile; fileRef = 84D9092C288EDBDC002825C6 /* GetCommentsModel.swift */; };
		84D9092F288EDBE8002825C6 /* PostCommentModel.swift in Sources */ = {isa = PBXBuildFile; fileRef = 84D9092E288EDBE8002825C6 /* PostCommentModel.swift */; };
		84D90931288EE123002825C6 /* GetChatModel.swift in Sources */ = {isa = PBXBuildFile; fileRef = 84D90930288EE123002825C6 /* GetChatModel.swift */; };
		84D90933288EE12B002825C6 /* PostChatModel.swift in Sources */ = {isa = PBXBuildFile; fileRef = 84D90932288EE12B002825C6 /* PostChatModel.swift */; };
		84D90935288EE33B002825C6 /* GoogleService-Info.plist in Resources */ = {isa = PBXBuildFile; fileRef = 84D90934288EE33B002825C6 /* GoogleService-Info.plist */; };
		DC6E9035B881E3B265079985 /* Pods_InstagramChallenge.framework in Frameworks */ = {isa = PBXBuildFile; fileRef = 241E6278FC4E29FAC44E0B42 /* Pods_InstagramChallenge.framework */; };
/* End PBXBuildFile section */

/* Begin PBXFileReference section */
		241E6278FC4E29FAC44E0B42 /* Pods_InstagramChallenge.framework */ = {isa = PBXFileReference; explicitFileType = wrapper.framework; includeInIndex = 0; path = Pods_InstagramChallenge.framework; sourceTree = BUILT_PRODUCTS_DIR; };
		8469D74D288EC6A3002CFADC /* InstagramChallenge.app */ = {isa = PBXFileReference; explicitFileType = wrapper.application; includeInIndex = 0; path = InstagramChallenge.app; sourceTree = BUILT_PRODUCTS_DIR; };
		8469D750288EC6A3002CFADC /* AppDelegate.swift */ = {isa = PBXFileReference; lastKnownFileType = sourcecode.swift; path = AppDelegate.swift; sourceTree = "<group>"; };
		8469D752288EC6A3002CFADC /* SceneDelegate.swift */ = {isa = PBXFileReference; lastKnownFileType = sourcecode.swift; path = SceneDelegate.swift; sourceTree = "<group>"; };
		8469D759288EC6A5002CFADC /* Assets.xcassets */ = {isa = PBXFileReference; lastKnownFileType = folder.assetcatalog; path = Assets.xcassets; sourceTree = "<group>"; };
		8469D75C288EC6A5002CFADC /* Base */ = {isa = PBXFileReference; lastKnownFileType = file.storyboard; name = Base; path = Base.lproj/LaunchScreen.storyboard; sourceTree = "<group>"; };
		8469D75E288EC6A5002CFADC /* Info.plist */ = {isa = PBXFileReference; lastKnownFileType = text.plist.xml; path = Info.plist; sourceTree = "<group>"; };
		84D908C2288ECAEE002825C6 /* Constant.swift */ = {isa = PBXFileReference; fileEncoding = 4; lastKnownFileType = sourcecode.swift; path = Constant.swift; sourceTree = "<group>"; };
		84D908C4288ECAEE002825C6 /* Date.swift */ = {isa = PBXFileReference; fileEncoding = 4; lastKnownFileType = sourcecode.swift; path = Date.swift; sourceTree = "<group>"; };
		84D908C5288ECAEE002825C6 /* UIView.swift */ = {isa = PBXFileReference; fileEncoding = 4; lastKnownFileType = sourcecode.swift; path = UIView.swift; sourceTree = "<group>"; };
		84D908C6288ECAEE002825C6 /* UIColor.swift */ = {isa = PBXFileReference; fileEncoding = 4; lastKnownFileType = sourcecode.swift; path = UIColor.swift; sourceTree = "<group>"; };
		84D908C7288ECAEE002825C6 /* String.swift */ = {isa = PBXFileReference; fileEncoding = 4; lastKnownFileType = sourcecode.swift; path = String.swift; sourceTree = "<group>"; };
		84D908C8288ECAEE002825C6 /* UIButton.swift */ = {isa = PBXFileReference; fileEncoding = 4; lastKnownFileType = sourcecode.swift; path = UIButton.swift; sourceTree = "<group>"; };
		84D908C9288ECAEE002825C6 /* UIImage.swift */ = {isa = PBXFileReference; fileEncoding = 4; lastKnownFileType = sourcecode.swift; path = UIImage.swift; sourceTree = "<group>"; };
		84D908CA288ECAEE002825C6 /* UIViewController.swift */ = {isa = PBXFileReference; fileEncoding = 4; lastKnownFileType = sourcecode.swift; path = UIViewController.swift; sourceTree = "<group>"; };
		84D908CB288ECAEE002825C6 /* UINavigationBar.swift */ = {isa = PBXFileReference; fileEncoding = 4; lastKnownFileType = sourcecode.swift; path = UINavigationBar.swift; sourceTree = "<group>"; };
		84D908CC288ECAEE002825C6 /* UIImageView.swift */ = {isa = PBXFileReference; fileEncoding = 4; lastKnownFileType = sourcecode.swift; path = UIImageView.swift; sourceTree = "<group>"; };
		84D908CD288ECAEE002825C6 /* UIFont.swift */ = {isa = PBXFileReference; fileEncoding = 4; lastKnownFileType = sourcecode.swift; path = UIFont.swift; sourceTree = "<group>"; };
		84D908D0288ECAEE002825C6 /* KobisKey.swift */ = {isa = PBXFileReference; fileEncoding = 4; lastKnownFileType = sourcecode.swift; path = KobisKey.swift; sourceTree = "<group>"; };
		84D908D2288ECAEE002825C6 /* NotoSansCJKkr-Medium.otf */ = {isa = PBXFileReference; lastKnownFileType = file; path = "NotoSansCJKkr-Medium.otf"; sourceTree = "<group>"; };
		84D908D3288ECAEE002825C6 /* NotoSansCJKkr-Regular.otf */ = {isa = PBXFileReference; lastKnownFileType = file; path = "NotoSansCJKkr-Regular.otf"; sourceTree = "<group>"; };
		84D908D4288ECAEE002825C6 /* NotoSansCJKkr-Bold.otf */ = {isa = PBXFileReference; lastKnownFileType = file; path = "NotoSansCJKkr-Bold.otf"; sourceTree = "<group>"; };
		84D908D6288ECAEE002825C6 /* BaseViewController.swift */ = {isa = PBXFileReference; fileEncoding = 4; lastKnownFileType = sourcecode.swift; path = BaseViewController.swift; sourceTree = "<group>"; };
		84D908D7288ECAEE002825C6 /* BaseTabBarViewController.swift */ = {isa = PBXFileReference; fileEncoding = 4; lastKnownFileType = sourcecode.swift; path = BaseTabBarViewController.swift; sourceTree = "<group>"; };
		84D908D9288ECAEE002825C6 /* IndicatorView.swift */ = {isa = PBXFileReference; fileEncoding = 4; lastKnownFileType = sourcecode.swift; path = IndicatorView.swift; sourceTree = "<group>"; };
		84D908DA288ECAEE002825C6 /* Device.swift */ = {isa = PBXFileReference; fileEncoding = 4; lastKnownFileType = sourcecode.swift; path = Device.swift; sourceTree = "<group>"; };
		84D908EE288ECC89002825C6 /* SignUpDataManager.swift */ = {isa = PBXFileReference; lastKnownFileType = sourcecode.swift; path = SignUpDataManager.swift; sourceTree = "<group>"; };
		84D908F0288ECCA4002825C6 /* SignInDataManager.swift */ = {isa = PBXFileReference; lastKnownFileType = sourcecode.swift; path = SignInDataManager.swift; sourceTree = "<group>"; };
		84D908F2288ECCB6002825C6 /* KakaoSignUpDataManager.swift */ = {isa = PBXFileReference; lastKnownFileType = sourcecode.swift; path = KakaoSignUpDataManager.swift; sourceTree = "<group>"; };
		84D908F4288ECCC4002825C6 /* KakaoSignInDataManager.swift */ = {isa = PBXFileReference; lastKnownFileType = sourcecode.swift; path = KakaoSignInDataManager.swift; sourceTree = "<group>"; };
		84D908F6288ECCD7002825C6 /* AutoSignInDataManager.swift */ = {isa = PBXFileReference; lastKnownFileType = sourcecode.swift; path = AutoSignInDataManager.swift; sourceTree = "<group>"; };
		84D908F8288ECD78002825C6 /* CheckDuplicateLoginIdDataManager.swift */ = {isa = PBXFileReference; lastKnownFileType = sourcecode.swift; path = CheckDuplicateLoginIdDataManager.swift; sourceTree = "<group>"; };
		84D908FA288ECDC9002825C6 /* MyPageDataManager.swift */ = {isa = PBXFileReference; lastKnownFileType = sourcecode.swift; path = MyPageDataManager.swift; sourceTree = "<group>"; };
		84D908FF288ECE19002825C6 /* GetFeedsDataManager.swift */ = {isa = PBXFileReference; lastKnownFileType = sourcecode.swift; path = GetFeedsDataManager.swift; sourceTree = "<group>"; };
		84D90901288ECE34002825C6 /* UserFeedDataManager.swift */ = {isa = PBXFileReference; lastKnownFileType = sourcecode.swift; path = UserFeedDataManager.swift; sourceTree = "<group>"; };
		84D90903288ECE4D002825C6 /* PostFeedDataManager.swift */ = {isa = PBXFileReference; lastKnownFileType = sourcecode.swift; path = PostFeedDataManager.swift; sourceTree = "<group>"; };
		84D90905288ECE6E002825C6 /* PatchFeedDataManager.swift */ = {isa = PBXFileReference; lastKnownFileType = sourcecode.swift; path = PatchFeedDataManager.swift; sourceTree = "<group>"; };
		84D90907288ECE81002825C6 /* DeleteFeedDataManager.swift */ = {isa = PBXFileReference; lastKnownFileType = sourcecode.swift; path = DeleteFeedDataManager.swift; sourceTree = "<group>"; };
		84D90909288ECE90002825C6 /* GetCommentsDataManager.swift */ = {isa = PBXFileReference; lastKnownFileType = sourcecode.swift; path = GetCommentsDataManager.swift; sourceTree = "<group>"; };
		84D9090B288ECECC002825C6 /* PostCommentDataManager.swift */ = {isa = PBXFileReference; lastKnownFileType = sourcecode.swift; path = PostCommentDataManager.swift; sourceTree = "<group>"; };
		84D9090D288ECEF4002825C6 /* GetChatsDataManager.swift */ = {isa = PBXFileReference; lastKnownFileType = sourcecode.swift; path = GetChatsDataManager.swift; sourceTree = "<group>"; };
		84D9090F288ECF02002825C6 /* PostChatDataManager.swift */ = {isa = PBXFileReference; lastKnownFileType = sourcecode.swift; path = PostChatDataManager.swift; sourceTree = "<group>"; };
		84D90914288ED4DB002825C6 /* SignUpModel.swift */ = {isa = PBXFileReference; lastKnownFileType = sourcecode.swift; path = SignUpModel.swift; sourceTree = "<group>"; };
		84D90916288ED4E2002825C6 /* SignInModel.swift */ = {isa = PBXFileReference; lastKnownFileType = sourcecode.swift; path = SignInModel.swift; sourceTree = "<group>"; };
		84D90918288ED541002825C6 /* KakaoSignUpModel.swift */ = {isa = PBXFileReference; lastKnownFileType = sourcecode.swift; path = KakaoSignUpModel.swift; sourceTree = "<group>"; };
		84D9091A288ED54B002825C6 /* KakaoSignInModel.swift */ = {isa = PBXFileReference; lastKnownFileType = sourcecode.swift; path = KakaoSignInModel.swift; sourceTree = "<group>"; };
		84D9091C288ED556002825C6 /* AutoSignInModel.swift */ = {isa = PBXFileReference; lastKnownFileType = sourcecode.swift; path = AutoSignInModel.swift; sourceTree = "<group>"; };
		84D9091E288ED56A002825C6 /* CheckDuplicateLoginIdModel.swift */ = {isa = PBXFileReference; lastKnownFileType = sourcecode.swift; path = CheckDuplicateLoginIdModel.swift; sourceTree = "<group>"; };
		84D90920288ED576002825C6 /* MyPageModel.swift */ = {isa = PBXFileReference; lastKnownFileType = sourcecode.swift; path = MyPageModel.swift; sourceTree = "<group>"; };
		84D90922288EDB88002825C6 /* GetFeedsModel.swift */ = {isa = PBXFileReference; lastKnownFileType = sourcecode.swift; path = GetFeedsModel.swift; sourceTree = "<group>"; };
		84D90924288EDB9B002825C6 /* PostFeedModel.swift */ = {isa = PBXFileReference; lastKnownFileType = sourcecode.swift; path = PostFeedModel.swift; sourceTree = "<group>"; };
		84D90926288EDBA5002825C6 /* PatchFeedModel.swift */ = {isa = PBXFileReference; lastKnownFileType = sourcecode.swift; path = PatchFeedModel.swift; sourceTree = "<group>"; };
		84D90928288EDBAD002825C6 /* DeleteFeedModel.swift */ = {isa = PBXFileReference; lastKnownFileType = sourcecode.swift; path = DeleteFeedModel.swift; sourceTree = "<group>"; };
		84D9092A288EDBCE002825C6 /* UserFeedModel.swift */ = {isa = PBXFileReference; lastKnownFileType = sourcecode.swift; path = UserFeedModel.swift; sourceTree = "<group>"; };
		84D9092C288EDBDC002825C6 /* GetCommentsModel.swift */ = {isa = PBXFileReference; lastKnownFileType = sourcecode.swift; path = GetCommentsModel.swift; sourceTree = "<group>"; };
		84D9092E288EDBE8002825C6 /* PostCommentModel.swift */ = {isa = PBXFileReference; lastKnownFileType = sourcecode.swift; path = PostCommentModel.swift; sourceTree = "<group>"; };
		84D90930288EE123002825C6 /* GetChatModel.swift */ = {isa = PBXFileReference; lastKnownFileType = sourcecode.swift; path = GetChatModel.swift; sourceTree = "<group>"; };
		84D90932288EE12B002825C6 /* PostChatModel.swift */ = {isa = PBXFileReference; lastKnownFileType = sourcecode.swift; path = PostChatModel.swift; sourceTree = "<group>"; };
		84D90934288EE33B002825C6 /* GoogleService-Info.plist */ = {isa = PBXFileReference; fileEncoding = 4; lastKnownFileType = text.plist.xml; path = "GoogleService-Info.plist"; sourceTree = "<group>"; };
		A40B95E50C1870A87D2AF61F /* Pods-InstagramChallenge.debug.xcconfig */ = {isa = PBXFileReference; includeInIndex = 1; lastKnownFileType = text.xcconfig; name = "Pods-InstagramChallenge.debug.xcconfig"; path = "Target Support Files/Pods-InstagramChallenge/Pods-InstagramChallenge.debug.xcconfig"; sourceTree = "<group>"; };
		F126AC673399D95148C8638B /* Pods-InstagramChallenge.release.xcconfig */ = {isa = PBXFileReference; includeInIndex = 1; lastKnownFileType = text.xcconfig; name = "Pods-InstagramChallenge.release.xcconfig"; path = "Target Support Files/Pods-InstagramChallenge/Pods-InstagramChallenge.release.xcconfig"; sourceTree = "<group>"; };
/* End PBXFileReference section */

/* Begin PBXFrameworksBuildPhase section */
		8469D74A288EC6A3002CFADC /* Frameworks */ = {
			isa = PBXFrameworksBuildPhase;
			buildActionMask = 2147483647;
			files = (
				DC6E9035B881E3B265079985 /* Pods_InstagramChallenge.framework in Frameworks */,
			);
			runOnlyForDeploymentPostprocessing = 0;
		};
/* End PBXFrameworksBuildPhase section */

/* Begin PBXGroup section */
		8291614856501135700C08ED /* Pods */ = {
			isa = PBXGroup;
			children = (
				A40B95E50C1870A87D2AF61F /* Pods-InstagramChallenge.debug.xcconfig */,
				F126AC673399D95148C8638B /* Pods-InstagramChallenge.release.xcconfig */,
			);
			path = Pods;
			sourceTree = "<group>";
		};
		840712A0288ECA1A00E482AF /* View */ = {
			isa = PBXGroup;
			children = (
			);
			path = View;
			sourceTree = "<group>";
		};
		840712A1288ECA2000E482AF /* Controller */ = {
			isa = PBXGroup;
			children = (
				84D908FC288ECDEC002825C6 /* User */,
				84D908FD288ECDFE002825C6 /* Feed */,
				84D908FE288ECE05002825C6 /* Chat */,
			);
			path = Controller;
			sourceTree = "<group>";
		};
		840712A2288ECA2600E482AF /* Model */ = {
			isa = PBXGroup;
			children = (
				84D90911288ECFCB002825C6 /* User */,
				84D90912288ECFD0002825C6 /* Feed */,
				84D90913288ECFD5002825C6 /* Chat */,
			);
			path = Model;
			sourceTree = "<group>";
		};
		8469D744288EC6A3002CFADC = {
			isa = PBXGroup;
			children = (
				8469D74F288EC6A3002CFADC /* InstagramChallenge */,
				8469D74E288EC6A3002CFADC /* Products */,
				8291614856501135700C08ED /* Pods */,
				F04055534B89919683A290E3 /* Frameworks */,
			);
			sourceTree = "<group>";
		};
		8469D74E288EC6A3002CFADC /* Products */ = {
			isa = PBXGroup;
			children = (
				8469D74D288EC6A3002CFADC /* InstagramChallenge.app */,
			);
			name = Products;
			sourceTree = "<group>";
		};
		8469D74F288EC6A3002CFADC /* InstagramChallenge */ = {
			isa = PBXGroup;
			children = (
				84D908C1288ECAEE002825C6 /* Configuration */,
				840712A2288ECA2600E482AF /* Model */,
				840712A0288ECA1A00E482AF /* View */,
				840712A1288ECA2000E482AF /* Controller */,
				8469D750288EC6A3002CFADC /* AppDelegate.swift */,
				8469D752288EC6A3002CFADC /* SceneDelegate.swift */,
				8469D759288EC6A5002CFADC /* Assets.xcassets */,
				8469D75B288EC6A5002CFADC /* LaunchScreen.storyboard */,
				8469D75E288EC6A5002CFADC /* Info.plist */,
				84D90934288EE33B002825C6 /* GoogleService-Info.plist */,
			);
			path = InstagramChallenge;
			sourceTree = "<group>";
		};
		84D908C1288ECAEE002825C6 /* Configuration */ = {
			isa = PBXGroup;
			children = (
				84D908C2288ECAEE002825C6 /* Constant.swift */,
				84D908C3288ECAEE002825C6 /* Extension */,
				84D908CE288ECAEE002825C6 /* Delegate */,
				84D908CF288ECAEE002825C6 /* Secret */,
				84D908D1288ECAEE002825C6 /* Font */,
				84D908D5288ECAEE002825C6 /* Base */,
				84D908D8288ECAEE002825C6 /* CustomClass */,
			);
			path = Configuration;
			sourceTree = "<group>";
		};
		84D908C3288ECAEE002825C6 /* Extension */ = {
			isa = PBXGroup;
			children = (
				84D908C4288ECAEE002825C6 /* Date.swift */,
				84D908C5288ECAEE002825C6 /* UIView.swift */,
				84D908C6288ECAEE002825C6 /* UIColor.swift */,
				84D908C7288ECAEE002825C6 /* String.swift */,
				84D908C8288ECAEE002825C6 /* UIButton.swift */,
				84D908C9288ECAEE002825C6 /* UIImage.swift */,
				84D908CA288ECAEE002825C6 /* UIViewController.swift */,
				84D908CB288ECAEE002825C6 /* UINavigationBar.swift */,
				84D908CC288ECAEE002825C6 /* UIImageView.swift */,
				84D908CD288ECAEE002825C6 /* UIFont.swift */,
			);
			path = Extension;
			sourceTree = "<group>";
		};
		84D908CE288ECAEE002825C6 /* Delegate */ = {
			isa = PBXGroup;
			children = (
			);
			path = Delegate;
			sourceTree = "<group>";
		};
		84D908CF288ECAEE002825C6 /* Secret */ = {
			isa = PBXGroup;
			children = (
				84D908D0288ECAEE002825C6 /* KobisKey.swift */,
			);
			path = Secret;
			sourceTree = "<group>";
		};
		84D908D1288ECAEE002825C6 /* Font */ = {
			isa = PBXGroup;
			children = (
				84D908D2288ECAEE002825C6 /* NotoSansCJKkr-Medium.otf */,
				84D908D3288ECAEE002825C6 /* NotoSansCJKkr-Regular.otf */,
				84D908D4288ECAEE002825C6 /* NotoSansCJKkr-Bold.otf */,
			);
			path = Font;
			sourceTree = "<group>";
		};
		84D908D5288ECAEE002825C6 /* Base */ = {
			isa = PBXGroup;
			children = (
				84D908D6288ECAEE002825C6 /* BaseViewController.swift */,
				84D908D7288ECAEE002825C6 /* BaseTabBarViewController.swift */,
			);
			path = Base;
			sourceTree = "<group>";
		};
		84D908D8288ECAEE002825C6 /* CustomClass */ = {
			isa = PBXGroup;
			children = (
				84D908D9288ECAEE002825C6 /* IndicatorView.swift */,
				84D908DA288ECAEE002825C6 /* Device.swift */,
			);
			path = CustomClass;
			sourceTree = "<group>";
		};
		84D908FC288ECDEC002825C6 /* User */ = {
			isa = PBXGroup;
			children = (
				84D908EE288ECC89002825C6 /* SignUpDataManager.swift */,
				84D908F0288ECCA4002825C6 /* SignInDataManager.swift */,
				84D908F2288ECCB6002825C6 /* KakaoSignUpDataManager.swift */,
				84D908F4288ECCC4002825C6 /* KakaoSignInDataManager.swift */,
				84D908F6288ECCD7002825C6 /* AutoSignInDataManager.swift */,
				84D908F8288ECD78002825C6 /* CheckDuplicateLoginIdDataManager.swift */,
				84D908FA288ECDC9002825C6 /* MyPageDataManager.swift */,
			);
			path = User;
			sourceTree = "<group>";
		};
		84D908FD288ECDFE002825C6 /* Feed */ = {
			isa = PBXGroup;
			children = (
				84D908FF288ECE19002825C6 /* GetFeedsDataManager.swift */,
				84D90903288ECE4D002825C6 /* PostFeedDataManager.swift */,
				84D90905288ECE6E002825C6 /* PatchFeedDataManager.swift */,
				84D90907288ECE81002825C6 /* DeleteFeedDataManager.swift */,
				84D90901288ECE34002825C6 /* UserFeedDataManager.swift */,
				84D90909288ECE90002825C6 /* GetCommentsDataManager.swift */,
				84D9090B288ECECC002825C6 /* PostCommentDataManager.swift */,
			);
			path = Feed;
			sourceTree = "<group>";
		};
		84D908FE288ECE05002825C6 /* Chat */ = {
			isa = PBXGroup;
			children = (
				84D9090D288ECEF4002825C6 /* GetChatsDataManager.swift */,
				84D9090F288ECF02002825C6 /* PostChatDataManager.swift */,
			);
			path = Chat;
			sourceTree = "<group>";
		};
		84D90911288ECFCB002825C6 /* User */ = {
			isa = PBXGroup;
			children = (
				84D90914288ED4DB002825C6 /* SignUpModel.swift */,
				84D90916288ED4E2002825C6 /* SignInModel.swift */,
				84D90918288ED541002825C6 /* KakaoSignUpModel.swift */,
				84D9091A288ED54B002825C6 /* KakaoSignInModel.swift */,
				84D9091C288ED556002825C6 /* AutoSignInModel.swift */,
				84D9091E288ED56A002825C6 /* CheckDuplicateLoginIdModel.swift */,
				84D90920288ED576002825C6 /* MyPageModel.swift */,
			);
			path = User;
			sourceTree = "<group>";
		};
		84D90912288ECFD0002825C6 /* Feed */ = {
			isa = PBXGroup;
			children = (
				84D90922288EDB88002825C6 /* GetFeedsModel.swift */,
				84D90924288EDB9B002825C6 /* PostFeedModel.swift */,
				84D90926288EDBA5002825C6 /* PatchFeedModel.swift */,
				84D90928288EDBAD002825C6 /* DeleteFeedModel.swift */,
				84D9092A288EDBCE002825C6 /* UserFeedModel.swift */,
				84D9092C288EDBDC002825C6 /* GetCommentsModel.swift */,
				84D9092E288EDBE8002825C6 /* PostCommentModel.swift */,
			);
			path = Feed;
			sourceTree = "<group>";
		};
		84D90913288ECFD5002825C6 /* Chat */ = {
			isa = PBXGroup;
			children = (
				84D90930288EE123002825C6 /* GetChatModel.swift */,
				84D90932288EE12B002825C6 /* PostChatModel.swift */,
			);
			path = Chat;
			sourceTree = "<group>";
		};
		F04055534B89919683A290E3 /* Frameworks */ = {
			isa = PBXGroup;
			children = (
				241E6278FC4E29FAC44E0B42 /* Pods_InstagramChallenge.framework */,
			);
			name = Frameworks;
			sourceTree = "<group>";
		};
/* End PBXGroup section */

/* Begin PBXNativeTarget section */
		8469D74C288EC6A3002CFADC /* InstagramChallenge */ = {
			isa = PBXNativeTarget;
			buildConfigurationList = 8469D761288EC6A5002CFADC /* Build configuration list for PBXNativeTarget "InstagramChallenge" */;
			buildPhases = (
				C0C3B20DAB8C67C75045A4DF /* [CP] Check Pods Manifest.lock */,
				8469D749288EC6A3002CFADC /* Sources */,
				8469D74A288EC6A3002CFADC /* Frameworks */,
				8469D74B288EC6A3002CFADC /* Resources */,
				9714D80105F73FA253C32112 /* [CP] Embed Pods Frameworks */,
			);
			buildRules = (
			);
			dependencies = (
			);
			name = InstagramChallenge;
			productName = InstagramChallenge;
			productReference = 8469D74D288EC6A3002CFADC /* InstagramChallenge.app */;
			productType = "com.apple.product-type.application";
		};
/* End PBXNativeTarget section */

/* Begin PBXProject section */
		8469D745288EC6A3002CFADC /* Project object */ = {
			isa = PBXProject;
			attributes = {
				BuildIndependentTargetsInParallel = 1;
				LastSwiftUpdateCheck = 1340;
				LastUpgradeCheck = 1340;
				TargetAttributes = {
					8469D74C288EC6A3002CFADC = {
						CreatedOnToolsVersion = 13.4;
					};
				};
			};
			buildConfigurationList = 8469D748288EC6A3002CFADC /* Build configuration list for PBXProject "InstagramChallenge" */;
			compatibilityVersion = "Xcode 13.0";
			developmentRegion = en;
			hasScannedForEncodings = 0;
			knownRegions = (
				en,
				Base,
			);
			mainGroup = 8469D744288EC6A3002CFADC;
			productRefGroup = 8469D74E288EC6A3002CFADC /* Products */;
			projectDirPath = "";
			projectRoot = "";
			targets = (
				8469D74C288EC6A3002CFADC /* InstagramChallenge */,
			);
		};
/* End PBXProject section */

/* Begin PBXResourcesBuildPhase section */
		8469D74B288EC6A3002CFADC /* Resources */ = {
			isa = PBXResourcesBuildPhase;
			buildActionMask = 2147483647;
			files = (
				84D908E8288ECAEE002825C6 /* NotoSansCJKkr-Regular.otf in Resources */,
				8469D75D288EC6A5002CFADC /* LaunchScreen.storyboard in Resources */,
				8469D75A288EC6A5002CFADC /* Assets.xcassets in Resources */,
				84D908E7288ECAEE002825C6 /* NotoSansCJKkr-Medium.otf in Resources */,
				84D908E9288ECAEE002825C6 /* NotoSansCJKkr-Bold.otf in Resources */,
				84D90935288EE33B002825C6 /* GoogleService-Info.plist in Resources */,
			);
			runOnlyForDeploymentPostprocessing = 0;
		};
/* End PBXResourcesBuildPhase section */

/* Begin PBXShellScriptBuildPhase section */
		9714D80105F73FA253C32112 /* [CP] Embed Pods Frameworks */ = {
			isa = PBXShellScriptBuildPhase;
			buildActionMask = 2147483647;
			files = (
			);
			inputFileListPaths = (
				"${PODS_ROOT}/Target Support Files/Pods-InstagramChallenge/Pods-InstagramChallenge-frameworks-${CONFIGURATION}-input-files.xcfilelist",
			);
			name = "[CP] Embed Pods Frameworks";
			outputFileListPaths = (
				"${PODS_ROOT}/Target Support Files/Pods-InstagramChallenge/Pods-InstagramChallenge-frameworks-${CONFIGURATION}-output-files.xcfilelist",
			);
			runOnlyForDeploymentPostprocessing = 0;
			shellPath = /bin/sh;
			shellScript = "\"${PODS_ROOT}/Target Support Files/Pods-InstagramChallenge/Pods-InstagramChallenge-frameworks.sh\"\n";
			showEnvVarsInLog = 0;
		};
		C0C3B20DAB8C67C75045A4DF /* [CP] Check Pods Manifest.lock */ = {
			isa = PBXShellScriptBuildPhase;
			buildActionMask = 2147483647;
			files = (
			);
			inputFileListPaths = (
			);
			inputPaths = (
				"${PODS_PODFILE_DIR_PATH}/Podfile.lock",
				"${PODS_ROOT}/Manifest.lock",
			);
			name = "[CP] Check Pods Manifest.lock";
			outputFileListPaths = (
			);
			outputPaths = (
				"$(DERIVED_FILE_DIR)/Pods-InstagramChallenge-checkManifestLockResult.txt",
			);
			runOnlyForDeploymentPostprocessing = 0;
			shellPath = /bin/sh;
			shellScript = "diff \"${PODS_PODFILE_DIR_PATH}/Podfile.lock\" \"${PODS_ROOT}/Manifest.lock\" > /dev/null\nif [ $? != 0 ] ; then\n    # print error to STDERR\n    echo \"error: The sandbox is not in sync with the Podfile.lock. Run 'pod install' or update your CocoaPods installation.\" >&2\n    exit 1\nfi\n# This output is used by Xcode 'outputs' to avoid re-running this script phase.\necho \"SUCCESS\" > \"${SCRIPT_OUTPUT_FILE_0}\"\n";
			showEnvVarsInLog = 0;
		};
/* End PBXShellScriptBuildPhase section */

/* Begin PBXSourcesBuildPhase section */
		8469D749288EC6A3002CFADC /* Sources */ = {
			isa = PBXSourcesBuildPhase;
			buildActionMask = 2147483647;
			files = (
				84D9092F288EDBE8002825C6 /* PostCommentModel.swift in Sources */,
				84D908E1288ECAEE002825C6 /* UIImage.swift in Sources */,
				84D90921288ED576002825C6 /* MyPageModel.swift in Sources */,
				84D9091D288ED556002825C6 /* AutoSignInModel.swift in Sources */,
				84D908DE288ECAEE002825C6 /* UIColor.swift in Sources */,
				84D90915288ED4DB002825C6 /* SignUpModel.swift in Sources */,
				84D90904288ECE4D002825C6 /* PostFeedDataManager.swift in Sources */,
				84D90917288ED4E2002825C6 /* SignInModel.swift in Sources */,
				84D9092D288EDBDC002825C6 /* GetCommentsModel.swift in Sources */,
				84D908E4288ECAEE002825C6 /* UIImageView.swift in Sources */,
				84D90919288ED541002825C6 /* KakaoSignUpModel.swift in Sources */,
				84D90923288EDB88002825C6 /* GetFeedsModel.swift in Sources */,
				84D9092B288EDBCE002825C6 /* UserFeedModel.swift in Sources */,
				84D908F7288ECCD7002825C6 /* AutoSignInDataManager.swift in Sources */,
				84D908EC288ECAEE002825C6 /* IndicatorView.swift in Sources */,
				84D908F5288ECCC4002825C6 /* KakaoSignInDataManager.swift in Sources */,
				84D908E3288ECAEE002825C6 /* UINavigationBar.swift in Sources */,
				84D908E2288ECAEE002825C6 /* UIViewController.swift in Sources */,
				84D90910288ECF02002825C6 /* PostChatDataManager.swift in Sources */,
				84D90931288EE123002825C6 /* GetChatModel.swift in Sources */,
				84D90933288EE12B002825C6 /* PostChatModel.swift in Sources */,
				84D908F3288ECCB6002825C6 /* KakaoSignUpDataManager.swift in Sources */,
				84D9090A288ECE90002825C6 /* GetCommentsDataManager.swift in Sources */,
				84D9090E288ECEF4002825C6 /* GetChatsDataManager.swift in Sources */,
				84D90902288ECE34002825C6 /* UserFeedDataManager.swift in Sources */,
				84D908DC288ECAEE002825C6 /* Date.swift in Sources */,
				8469D751288EC6A3002CFADC /* AppDelegate.swift in Sources */,
				84D90906288ECE6E002825C6 /* PatchFeedDataManager.swift in Sources */,
				84D90929288EDBAD002825C6 /* DeleteFeedModel.swift in Sources */,
				84D9091F288ED56A002825C6 /* CheckDuplicateLoginIdModel.swift in Sources */,
				84D90900288ECE19002825C6 /* GetFeedsDataManager.swift in Sources */,
				84D90908288ECE81002825C6 /* DeleteFeedDataManager.swift in Sources */,
				84D908FB288ECDC9002825C6 /* MyPageDataManager.swift in Sources */,
				8469D753288EC6A3002CFADC /* SceneDelegate.swift in Sources */,
				84D90927288EDBA5002825C6 /* PatchFeedModel.swift in Sources */,
				84D90925288EDB9B002825C6 /* PostFeedModel.swift in Sources */,
				84D908EB288ECAEE002825C6 /* BaseTabBarViewController.swift in Sources */,
				84D908DD288ECAEE002825C6 /* UIView.swift in Sources */,
				84D908E5288ECAEE002825C6 /* UIFont.swift in Sources */,
				84D9091B288ED54B002825C6 /* KakaoSignInModel.swift in Sources */,
				84D908ED288ECAEE002825C6 /* Device.swift in Sources */,
				84D908DF288ECAEE002825C6 /* String.swift in Sources */,
				84D908DB288ECAEE002825C6 /* Constant.swift in Sources */,
				84D908EA288ECAEE002825C6 /* BaseViewController.swift in Sources */,
				84D908F1288ECCA4002825C6 /* SignInDataManager.swift in Sources */,
				84D9090C288ECECC002825C6 /* PostCommentDataManager.swift in Sources */,
				84D908EF288ECC89002825C6 /* SignUpDataManager.swift in Sources */,
				84D908E0288ECAEE002825C6 /* UIButton.swift in Sources */,
				84D908E6288ECAEE002825C6 /* KobisKey.swift in Sources */,
				84D908F9288ECD78002825C6 /* CheckDuplicateLoginIdDataManager.swift in Sources */,
			);
			runOnlyForDeploymentPostprocessing = 0;
		};
/* End PBXSourcesBuildPhase section */

/* Begin PBXVariantGroup section */
		8469D75B288EC6A5002CFADC /* LaunchScreen.storyboard */ = {
			isa = PBXVariantGroup;
			children = (
				8469D75C288EC6A5002CFADC /* Base */,
			);
			name = LaunchScreen.storyboard;
			sourceTree = "<group>";
		};
/* End PBXVariantGroup section */

/* Begin XCBuildConfiguration section */
		8469D75F288EC6A5002CFADC /* Debug */ = {
			isa = XCBuildConfiguration;
			buildSettings = {
				ALWAYS_SEARCH_USER_PATHS = NO;
				CLANG_ANALYZER_NONNULL = YES;
				CLANG_ANALYZER_NUMBER_OBJECT_CONVERSION = YES_AGGRESSIVE;
				CLANG_CXX_LANGUAGE_STANDARD = "gnu++17";
				CLANG_ENABLE_MODULES = YES;
				CLANG_ENABLE_OBJC_ARC = YES;
				CLANG_ENABLE_OBJC_WEAK = YES;
				CLANG_WARN_BLOCK_CAPTURE_AUTORELEASING = YES;
				CLANG_WARN_BOOL_CONVERSION = YES;
				CLANG_WARN_COMMA = YES;
				CLANG_WARN_CONSTANT_CONVERSION = YES;
				CLANG_WARN_DEPRECATED_OBJC_IMPLEMENTATIONS = YES;
				CLANG_WARN_DIRECT_OBJC_ISA_USAGE = YES_ERROR;
				CLANG_WARN_DOCUMENTATION_COMMENTS = YES;
				CLANG_WARN_EMPTY_BODY = YES;
				CLANG_WARN_ENUM_CONVERSION = YES;
				CLANG_WARN_INFINITE_RECURSION = YES;
				CLANG_WARN_INT_CONVERSION = YES;
				CLANG_WARN_NON_LITERAL_NULL_CONVERSION = YES;
				CLANG_WARN_OBJC_IMPLICIT_RETAIN_SELF = YES;
				CLANG_WARN_OBJC_LITERAL_CONVERSION = YES;
				CLANG_WARN_OBJC_ROOT_CLASS = YES_ERROR;
				CLANG_WARN_QUOTED_INCLUDE_IN_FRAMEWORK_HEADER = YES;
				CLANG_WARN_RANGE_LOOP_ANALYSIS = YES;
				CLANG_WARN_STRICT_PROTOTYPES = YES;
				CLANG_WARN_SUSPICIOUS_MOVE = YES;
				CLANG_WARN_UNGUARDED_AVAILABILITY = YES_AGGRESSIVE;
				CLANG_WARN_UNREACHABLE_CODE = YES;
				CLANG_WARN__DUPLICATE_METHOD_MATCH = YES;
				COPY_PHASE_STRIP = NO;
				DEBUG_INFORMATION_FORMAT = dwarf;
				ENABLE_STRICT_OBJC_MSGSEND = YES;
				ENABLE_TESTABILITY = YES;
				GCC_C_LANGUAGE_STANDARD = gnu11;
				GCC_DYNAMIC_NO_PIC = NO;
				GCC_NO_COMMON_BLOCKS = YES;
				GCC_OPTIMIZATION_LEVEL = 0;
				GCC_PREPROCESSOR_DEFINITIONS = (
					"DEBUG=1",
					"$(inherited)",
				);
				GCC_WARN_64_TO_32_BIT_CONVERSION = YES;
				GCC_WARN_ABOUT_RETURN_TYPE = YES_ERROR;
				GCC_WARN_UNDECLARED_SELECTOR = YES;
				GCC_WARN_UNINITIALIZED_AUTOS = YES_AGGRESSIVE;
				GCC_WARN_UNUSED_FUNCTION = YES;
				GCC_WARN_UNUSED_VARIABLE = YES;
				IPHONEOS_DEPLOYMENT_TARGET = 14.0;
				MTL_ENABLE_DEBUG_INFO = INCLUDE_SOURCE;
				MTL_FAST_MATH = YES;
				ONLY_ACTIVE_ARCH = YES;
				SDKROOT = iphoneos;
				SWIFT_ACTIVE_COMPILATION_CONDITIONS = DEBUG;
				SWIFT_OPTIMIZATION_LEVEL = "-Onone";
			};
			name = Debug;
		};
		8469D760288EC6A5002CFADC /* Release */ = {
			isa = XCBuildConfiguration;
			buildSettings = {
				ALWAYS_SEARCH_USER_PATHS = NO;
				CLANG_ANALYZER_NONNULL = YES;
				CLANG_ANALYZER_NUMBER_OBJECT_CONVERSION = YES_AGGRESSIVE;
				CLANG_CXX_LANGUAGE_STANDARD = "gnu++17";
				CLANG_ENABLE_MODULES = YES;
				CLANG_ENABLE_OBJC_ARC = YES;
				CLANG_ENABLE_OBJC_WEAK = YES;
				CLANG_WARN_BLOCK_CAPTURE_AUTORELEASING = YES;
				CLANG_WARN_BOOL_CONVERSION = YES;
				CLANG_WARN_COMMA = YES;
				CLANG_WARN_CONSTANT_CONVERSION = YES;
				CLANG_WARN_DEPRECATED_OBJC_IMPLEMENTATIONS = YES;
				CLANG_WARN_DIRECT_OBJC_ISA_USAGE = YES_ERROR;
				CLANG_WARN_DOCUMENTATION_COMMENTS = YES;
				CLANG_WARN_EMPTY_BODY = YES;
				CLANG_WARN_ENUM_CONVERSION = YES;
				CLANG_WARN_INFINITE_RECURSION = YES;
				CLANG_WARN_INT_CONVERSION = YES;
				CLANG_WARN_NON_LITERAL_NULL_CONVERSION = YES;
				CLANG_WARN_OBJC_IMPLICIT_RETAIN_SELF = YES;
				CLANG_WARN_OBJC_LITERAL_CONVERSION = YES;
				CLANG_WARN_OBJC_ROOT_CLASS = YES_ERROR;
				CLANG_WARN_QUOTED_INCLUDE_IN_FRAMEWORK_HEADER = YES;
				CLANG_WARN_RANGE_LOOP_ANALYSIS = YES;
				CLANG_WARN_STRICT_PROTOTYPES = YES;
				CLANG_WARN_SUSPICIOUS_MOVE = YES;
				CLANG_WARN_UNGUARDED_AVAILABILITY = YES_AGGRESSIVE;
				CLANG_WARN_UNREACHABLE_CODE = YES;
				CLANG_WARN__DUPLICATE_METHOD_MATCH = YES;
				COPY_PHASE_STRIP = NO;
				DEBUG_INFORMATION_FORMAT = "dwarf-with-dsym";
				ENABLE_NS_ASSERTIONS = NO;
				ENABLE_STRICT_OBJC_MSGSEND = YES;
				GCC_C_LANGUAGE_STANDARD = gnu11;
				GCC_NO_COMMON_BLOCKS = YES;
				GCC_WARN_64_TO_32_BIT_CONVERSION = YES;
				GCC_WARN_ABOUT_RETURN_TYPE = YES_ERROR;
				GCC_WARN_UNDECLARED_SELECTOR = YES;
				GCC_WARN_UNINITIALIZED_AUTOS = YES_AGGRESSIVE;
				GCC_WARN_UNUSED_FUNCTION = YES;
				GCC_WARN_UNUSED_VARIABLE = YES;
				IPHONEOS_DEPLOYMENT_TARGET = 14.0;
				MTL_ENABLE_DEBUG_INFO = NO;
				MTL_FAST_MATH = YES;
				SDKROOT = iphoneos;
				SWIFT_COMPILATION_MODE = wholemodule;
				SWIFT_OPTIMIZATION_LEVEL = "-O";
				VALIDATE_PRODUCT = YES;
			};
			name = Release;
		};
		8469D762288EC6A5002CFADC /* Debug */ = {
			isa = XCBuildConfiguration;
			baseConfigurationReference = A40B95E50C1870A87D2AF61F /* Pods-InstagramChallenge.debug.xcconfig */;
			buildSettings = {
				ASSETCATALOG_COMPILER_APPICON_NAME = AppIcon;
				ASSETCATALOG_COMPILER_GLOBAL_ACCENT_COLOR_NAME = AccentColor;
				CODE_SIGN_STYLE = Automatic;
				CURRENT_PROJECT_VERSION = 1;
				DEVELOPMENT_TEAM = 6NXQDZ68FD;
				GENERATE_INFOPLIST_FILE = YES;
				INFOPLIST_FILE = InstagramChallenge/Info.plist;
				INFOPLIST_KEY_UIApplicationSupportsIndirectInputEvents = YES;
				INFOPLIST_KEY_UILaunchStoryboardName = LaunchScreen;
				INFOPLIST_KEY_UISupportedInterfaceOrientations_iPad = "UIInterfaceOrientationPortrait UIInterfaceOrientationPortraitUpsideDown UIInterfaceOrientationLandscapeLeft UIInterfaceOrientationLandscapeRight";
				INFOPLIST_KEY_UISupportedInterfaceOrientations_iPhone = "UIInterfaceOrientationPortrait UIInterfaceOrientationLandscapeLeft UIInterfaceOrientationLandscapeRight";
				IPHONEOS_DEPLOYMENT_TARGET = 14.0;
				LD_RUNPATH_SEARCH_PATHS = (
					"$(inherited)",
					"@executable_path/Frameworks",
				);
				MARKETING_VERSION = 1.0;
				PRODUCT_BUNDLE_IDENTIFIER = com.softsquared.gridgeTest.ios.InstagramChallenge;
				PRODUCT_NAME = "$(TARGET_NAME)";
				SWIFT_EMIT_LOC_STRINGS = YES;
				SWIFT_VERSION = 5.0;
				TARGETED_DEVICE_FAMILY = "1,2";
			};
			name = Debug;
		};
		8469D763288EC6A5002CFADC /* Release */ = {
			isa = XCBuildConfiguration;
			baseConfigurationReference = F126AC673399D95148C8638B /* Pods-InstagramChallenge.release.xcconfig */;
			buildSettings = {
				ASSETCATALOG_COMPILER_APPICON_NAME = AppIcon;
				ASSETCATALOG_COMPILER_GLOBAL_ACCENT_COLOR_NAME = AccentColor;
				CODE_SIGN_STYLE = Automatic;
				CURRENT_PROJECT_VERSION = 1;
				DEVELOPMENT_TEAM = 6NXQDZ68FD;
				GENERATE_INFOPLIST_FILE = YES;
				INFOPLIST_FILE = InstagramChallenge/Info.plist;
				INFOPLIST_KEY_UIApplicationSupportsIndirectInputEvents = YES;
				INFOPLIST_KEY_UILaunchStoryboardName = LaunchScreen;
				INFOPLIST_KEY_UISupportedInterfaceOrientations_iPad = "UIInterfaceOrientationPortrait UIInterfaceOrientationPortraitUpsideDown UIInterfaceOrientationLandscapeLeft UIInterfaceOrientationLandscapeRight";
				INFOPLIST_KEY_UISupportedInterfaceOrientations_iPhone = "UIInterfaceOrientationPortrait UIInterfaceOrientationLandscapeLeft UIInterfaceOrientationLandscapeRight";
				IPHONEOS_DEPLOYMENT_TARGET = 14.0;
				LD_RUNPATH_SEARCH_PATHS = (
					"$(inherited)",
					"@executable_path/Frameworks",
				);
				MARKETING_VERSION = 1.0;
				PRODUCT_BUNDLE_IDENTIFIER = com.softsquared.gridgeTest.ios.InstagramChallenge;
				PRODUCT_NAME = "$(TARGET_NAME)";
				SWIFT_EMIT_LOC_STRINGS = YES;
				SWIFT_VERSION = 5.0;
				TARGETED_DEVICE_FAMILY = "1,2";
			};
			name = Release;
		};
/* End XCBuildConfiguration section */

/* Begin XCConfigurationList section */
		8469D748288EC6A3002CFADC /* Build configuration list for PBXProject "InstagramChallenge" */ = {
			isa = XCConfigurationList;
			buildConfigurations = (
				8469D75F288EC6A5002CFADC /* Debug */,
				8469D760288EC6A5002CFADC /* Release */,
			);
			defaultConfigurationIsVisible = 0;
			defaultConfigurationName = Release;
		};
		8469D761288EC6A5002CFADC /* Build configuration list for PBXNativeTarget "InstagramChallenge" */ = {
			isa = XCConfigurationList;
			buildConfigurations = (
				8469D762288EC6A5002CFADC /* Debug */,
				8469D763288EC6A5002CFADC /* Release */,
			);
			defaultConfigurationIsVisible = 0;
			defaultConfigurationName = Release;
		};
/* End XCConfigurationList section */
	};
	rootObject = 8469D745288EC6A3002CFADC /* Project object */;
}
